
Microsoft Visual Studio Solution File, Format Version 12.00
# Visual Studio Version 16
VisualStudioVersion = 16.0.32002.261
MinimumVisualStudioVersion = 10.0.40219.1
Project("{FAE04EC0-301F-11D3-BF4B-00C04F79EFBC}") = "X04_ArraySharp", "X04_ArraySharp\X04_ArraySharp.csproj", "{BD140FD7-99FC-4640-B79E-DF3BC59BE15A}"
EndProject
Global
	GlobalSection(SolutionConfigurationPlatforms) = preSolution
		Debug|Any CPU = Debug|Any CPU
		Release|Any CPU = Release|Any CPU
	EndGlobalSection
	GlobalSection(ProjectConfigurationPlatforms) = postSolution
		{BD140FD7-99FC-4640-B79E-DF3BC59BE15A}.Debug|Any CPU.ActiveCfg = Debug|Any CPU
		{BD140FD7-99FC-4640-B79E-DF3BC59BE15A}.Debug|Any CPU.Build.0 = Debug|Any CPU
		{BD140FD7-99FC-4640-B79E-DF3BC59BE15A}.Release|Any CPU.ActiveCfg = Release|Any CPU
		{BD140FD7-99FC-4640-B79E-DF3BC59BE15A}.Release|Any CPU.Build.0 = Release|Any CPU
	EndGlobalSection
	GlobalSection(SolutionProperties) = preSolution
		HideSolutionNode = FALSE
	EndGlobalSection
	GlobalSection(ExtensibilityGlobals) = postSolution
		SolutionGuid = {772887F4-1981-40A0-82C6-CD7E3FBE71B7}
	EndGlobalSection
EndGlobal
